// !$*UTF8*$!
{
	archiveVersion = 1;
	classes = {
	};
	objectVersion = 50;
	objects = {

/* Begin PBXBuildFile section */
		20EBDE3B20751DBC00BF8B3C /* AppDelegate.swift in Sources */ = {isa = PBXBuildFile; fileRef = 20EBDE3A20751DBC00BF8B3C /* AppDelegate.swift */; };
		20EBDE4020751DBC00BF8B3C /* Main.storyboard in Resources */ = {isa = PBXBuildFile; fileRef = 20EBDE3E20751DBC00BF8B3C /* Main.storyboard */; };
		20EBDE4320751DBC00BF8B3C /* Repertoire_d_entreprise.xcdatamodeld in Sources */ = {isa = PBXBuildFile; fileRef = 20EBDE4120751DBC00BF8B3C /* Repertoire_d_entreprise.xcdatamodeld */; };
		20EBDE4520751DBD00BF8B3C /* Assets.xcassets in Resources */ = {isa = PBXBuildFile; fileRef = 20EBDE4420751DBD00BF8B3C /* Assets.xcassets */; };
		20EBDE4820751DBD00BF8B3C /* LaunchScreen.storyboard in Resources */ = {isa = PBXBuildFile; fileRef = 20EBDE4620751DBD00BF8B3C /* LaunchScreen.storyboard */; };
		20EBDE5420751F1700BF8B3C /* AjoutController.swift in Sources */ = {isa = PBXBuildFile; fileRef = 20EBDE5320751F1700BF8B3C /* AjoutController.swift */; };
/* End PBXBuildFile section */

/* Begin PBXFileReference section */
		20EBDE3720751DBC00BF8B3C /* Repertoire d'entreprise.app */ = {isa = PBXFileReference; explicitFileType = wrapper.application; includeInIndex = 0; path = "Repertoire d'entreprise.app"; sourceTree = BUILT_PRODUCTS_DIR; };
		20EBDE3A20751DBC00BF8B3C /* AppDelegate.swift */ = {isa = PBXFileReference; lastKnownFileType = sourcecode.swift; path = AppDelegate.swift; sourceTree = "<group>"; };
		20EBDE3F20751DBC00BF8B3C /* Base */ = {isa = PBXFileReference; lastKnownFileType = file.storyboard; name = Base; path = Base.lproj/Main.storyboard; sourceTree = "<group>"; };
		20EBDE4220751DBC00BF8B3C /* Repertoire_d_entreprise.xcdatamodel */ = {isa = PBXFileReference; lastKnownFileType = wrapper.xcdatamodel; path = Repertoire_d_entreprise.xcdatamodel; sourceTree = "<group>"; };
		20EBDE4420751DBD00BF8B3C /* Assets.xcassets */ = {isa = PBXFileReference; lastKnownFileType = folder.assetcatalog; path = Assets.xcassets; sourceTree = "<group>"; };
		20EBDE4720751DBD00BF8B3C /* Base */ = {isa = PBXFileReference; lastKnownFileType = file.storyboard; name = Base; path = Base.lproj/LaunchScreen.storyboard; sourceTree = "<group>"; };
		20EBDE4920751DBD00BF8B3C /* Info.plist */ = {isa = PBXFileReference; lastKnownFileType = text.plist.xml; path = Info.plist; sourceTree = "<group>"; };
		20EBDE5320751F1700BF8B3C /* AjoutController.swift */ = {isa = PBXFileReference; lastKnownFileType = sourcecode.swift; path = AjoutController.swift; sourceTree = "<group>"; };
/* End PBXFileReference section */

/* Begin PBXFrameworksBuildPhase section */
		20EBDE3420751DBC00BF8B3C /* Frameworks */ = {
			isa = PBXFrameworksBuildPhase;
			buildActionMask = 2147483647;
			files = (
			);
			runOnlyForDeploymentPostprocessing = 0;
		};
/* End PBXFrameworksBuildPhase section */

/* Begin PBXGroup section */
		20EBDE2E20751DBC00BF8B3C = {
			isa = PBXGroup;
			children = (
				20EBDE3920751DBC00BF8B3C /* Repertoire d'entreprise */,
				20EBDE3820751DBC00BF8B3C /* Products */,
			);
			sourceTree = "<group>";
		};
		20EBDE3820751DBC00BF8B3C /* Products */ = {
			isa = PBXGroup;
			children = (
				20EBDE3720751DBC00BF8B3C /* Repertoire d'entreprise.app */,
			);
			name = Products;
			sourceTree = "<group>";
		};
		20EBDE3920751DBC00BF8B3C /* Repertoire d'entreprise */ = {
			isa = PBXGroup;
			children = (
				20EBDE5120751E0200BF8B3C /* Modele */,
				20EBDE4F20751DF500BF8B3C /* Vue */,
				20EBDE5020751DFD00BF8B3C /* Controller */,
				20EBDE5220751E0600BF8B3C /* Storyboard */,
				20EBDE3A20751DBC00BF8B3C /* AppDelegate.swift */,
				20EBDE4420751DBD00BF8B3C /* Assets.xcassets */,
				20EBDE4920751DBD00BF8B3C /* Info.plist */,
			);
			path = "Repertoire d'entreprise";
			sourceTree = "<group>";
		};
		20EBDE4F20751DF500BF8B3C /* Vue */ = {
			isa = PBXGroup;
			children = (
			);
			path = Vue;
			sourceTree = "<group>";
		};
		20EBDE5020751DFD00BF8B3C /* Controller */ = {
			isa = PBXGroup;
			children = (
				20EBDE5320751F1700BF8B3C /* AjoutController.swift */,
			);
			path = Controller;
			sourceTree = "<group>";
		};
		20EBDE5120751E0200BF8B3C /* Modele */ = {
			isa = PBXGroup;
			children = (
				20EBDE4120751DBC00BF8B3C /* Repertoire_d_entreprise.xcdatamodeld */,
			);
			path = Modele;
			sourceTree = "<group>";
		};
		20EBDE5220751E0600BF8B3C /* Storyboard */ = {
			isa = PBXGroup;
			children = (
				20EBDE3E20751DBC00BF8B3C /* Main.storyboard */,
				20EBDE4620751DBD00BF8B3C /* LaunchScreen.storyboard */,
			);
			path = Storyboard;
			sourceTree = "<group>";
		};
/* End PBXGroup section */

/* Begin PBXNativeTarget section */
		20EBDE3620751DBC00BF8B3C /* Repertoire d'entreprise */ = {
			isa = PBXNativeTarget;
			buildConfigurationList = 20EBDE4C20751DBD00BF8B3C /* Build configuration list for PBXNativeTarget "Repertoire d'entreprise" */;
			buildPhases = (
				20EBDE3320751DBC00BF8B3C /* Sources */,
				20EBDE3420751DBC00BF8B3C /* Frameworks */,
				20EBDE3520751DBC00BF8B3C /* Resources */,
			);
			buildRules = (
			);
			dependencies = (
			);
			name = "Repertoire d'entreprise";
			productName = "Repertoire d'entreprise";
			productReference = 20EBDE3720751DBC00BF8B3C /* Repertoire d'entreprise.app */;
			productType = "com.apple.product-type.application";
		};
/* End PBXNativeTarget section */

/* Begin PBXProject section */
		20EBDE2F20751DBC00BF8B3C /* Project object */ = {
			isa = PBXProject;
			attributes = {
				LastSwiftUpdateCheck = 0930;
				LastUpgradeCheck = 0930;
				ORGANIZATIONNAME = "Dea-loC";
				TargetAttributes = {
					20EBDE3620751DBC00BF8B3C = {
						CreatedOnToolsVersion = 9.3;
					};
				};
			};
			buildConfigurationList = 20EBDE3220751DBC00BF8B3C /* Build configuration list for PBXProject "Repertoire d'entreprise" */;
			compatibilityVersion = "Xcode 9.3";
			developmentRegion = en;
			hasScannedForEncodings = 0;
			knownRegions = (
				en,
				Base,
			);
			mainGroup = 20EBDE2E20751DBC00BF8B3C;
			productRefGroup = 20EBDE3820751DBC00BF8B3C /* Products */;
			projectDirPath = "";
			projectRoot = "";
			targets = (
				20EBDE3620751DBC00BF8B3C /* Repertoire d'entreprise */,
			);
		};
/* End PBXProject section */

/* Begin PBXResourcesBuildPhase section */
		20EBDE3520751DBC00BF8B3C /* Resources */ = {
			isa = PBXResourcesBuildPhase;
			buildActionMask = 2147483647;
			files = (
				20EBDE4820751DBD00BF8B3C /* LaunchScreen.storyboard in Resources */,
				20EBDE4520751DBD00BF8B3C /* Assets.xcassets in Resources */,
				20EBDE4020751DBC00BF8B3C /* Main.storyboard in Resources */,
			);
			runOnlyForDeploymentPostprocessing = 0;
		};
/* End PBXResourcesBuildPhase section */

/* Begin PBXSourcesBuildPhase section */
		20EBDE3320751DBC00BF8B3C /* Sources */ = {
			isa = PBXSourcesBuildPhase;
			buildActionMask = 2147483647;
			files = (
				20EBDE3B20751DBC00BF8B3C /* AppDelegate.swift in Sources */,
				20EBDE5420751F1700BF8B3C /* AjoutController.swift in Sources */,
				20EBDE4320751DBC00BF8B3C /* Repertoire_d_entreprise.xcdatamodeld in Sources */,
			);
			runOnlyForDeploymentPostprocessing = 0;
		};
/* End PBXSourcesBuildPhase section */

/* Begin PBXVariantGroup section */
		20EBDE3E20751DBC00BF8B3C /* Main.storyboard */ = {
			isa = PBXVariantGroup;
			children = (
				20EBDE3F20751DBC00BF8B3C /* Base */,
			);
			name = Main.storyboard;
			sourceTree = "<group>";
		};
		20EBDE4620751DBD00BF8B3C /* LaunchScreen.storyboard */ = {
			isa = PBXVariantGroup;
			children = (
				20EBDE4720751DBD00BF8B3C /* Base */,
			);
			name = LaunchScreen.storyboard;
			sourceTree = "<group>";
		};
/* End PBXVariantGroup section */

/* Begin XCBuildConfiguration section */
		20EBDE4A20751DBD00BF8B3C /* Debug */ = {
			isa = XCBuildConfiguration;
			buildSettings = {
				ALWAYS_SEARCH_USER_PATHS = NO;
				CLANG_ANALYZER_NONNULL = YES;
				CLANG_ANALYZER_NUMBER_OBJECT_CONVERSION = YES_AGGRESSIVE;
				CLANG_CXX_LANGUAGE_STANDARD = "gnu++14";
				CLANG_CXX_LIBRARY = "libc++";
				CLANG_ENABLE_MODULES = YES;
				CLANG_ENABLE_OBJC_ARC = YES;
				CLANG_ENABLE_OBJC_WEAK = YES;
				CLANG_WARN_BLOCK_CAPTURE_AUTORELEASING = YES;
				CLANG_WARN_BOOL_CONVERSION = YES;
				CLANG_WARN_COMMA = YES;
				CLANG_WARN_CONSTANT_CONVERSION = YES;
				CLANG_WARN_DEPRECATED_OBJC_IMPLEMENTATIONS = YES;
				CLANG_WARN_DIRECT_OBJC_ISA_USAGE = YES_ERROR;
				CLANG_WARN_DOCUMENTATION_COMMENTS = YES;
				CLANG_WARN_EMPTY_BODY = YES;
				CLANG_WARN_ENUM_CONVERSION = YES;
				CLANG_WARN_INFINITE_RECURSION = YES;
				CLANG_WARN_INT_CONVERSION = YES;
				CLANG_WARN_NON_LITERAL_NULL_CONVERSION = YES;
				CLANG_WARN_OBJC_IMPLICIT_RETAIN_SELF = YES;
				CLANG_WARN_OBJC_LITERAL_CONVERSION = YES;
				CLANG_WARN_OBJC_ROOT_CLASS = YES_ERROR;
				CLANG_WARN_RANGE_LOOP_ANALYSIS = YES;
				CLANG_WARN_STRICT_PROTOTYPES = YES;
				CLANG_WARN_SUSPICIOUS_MOVE = YES;
				CLANG_WARN_UNGUARDED_AVAILABILITY = YES_AGGRESSIVE;
				CLANG_WARN_UNREACHABLE_CODE = YES;
				CLANG_WARN__DUPLICATE_METHOD_MATCH = YES;
				CODE_SIGN_IDENTITY = "iPhone Developer";
				COPY_PHASE_STRIP = NO;
				DEBUG_INFORMATION_FORMAT = dwarf;
				ENABLE_STRICT_OBJC_MSGSEND = YES;
				ENABLE_TESTABILITY = YES;
				GCC_C_LANGUAGE_STANDARD = gnu11;
				GCC_DYNAMIC_NO_PIC = NO;
				GCC_NO_COMMON_BLOCKS = YES;
				GCC_OPTIMIZATION_LEVEL = 0;
				GCC_PREPROCESSOR_DEFINITIONS = (
					"DEBUG=1",
					"$(inherited)",
				);
				GCC_WARN_64_TO_32_BIT_CONVERSION = YES;
				GCC_WARN_ABOUT_RETURN_TYPE = YES_ERROR;
				GCC_WARN_UNDECLARED_SELECTOR = YES;
				GCC_WARN_UNINITIALIZED_AUTOS = YES_AGGRESSIVE;
				GCC_WARN_UNUSED_FUNCTION = YES;
				GCC_WARN_UNUSED_VARIABLE = YES;
				IPHONEOS_DEPLOYMENT_TARGET = 11.3;
				MTL_ENABLE_DEBUG_INFO = YES;
				ONLY_ACTIVE_ARCH = YES;
				SDKROOT = iphoneos;
				SWIFT_ACTIVE_COMPILATION_CONDITIONS = DEBUG;
				SWIFT_OPTIMIZATION_LEVEL = "-Onone";
			};
			name = Debug;
		};
		20EBDE4B20751DBD00BF8B3C /* Release */ = {
			isa = XCBuildConfiguration;
			buildSettings = {
				ALWAYS_SEARCH_USER_PATHS = NO;
				CLANG_ANALYZER_NONNULL = YES;
				CLANG_ANALYZER_NUMBER_OBJECT_CONVERSION = YES_AGGRESSIVE;
				CLANG_CXX_LANGUAGE_STANDARD = "gnu++14";
				CLANG_CXX_LIBRARY = "libc++";
				CLANG_ENABLE_MODULES = YES;
				CLANG_ENABLE_OBJC_ARC = YES;
				CLANG_ENABLE_OBJC_WEAK = YES;
				CLANG_WARN_BLOCK_CAPTURE_AUTORELEASING = YES;
				CLANG_WARN_BOOL_CONVERSION = YES;
				CLANG_WARN_COMMA = YES;
				CLANG_WARN_CONSTANT_CONVERSION = YES;
				CLANG_WARN_DEPRECATED_OBJC_IMPLEMENTATIONS = YES;
				CLANG_WARN_DIRECT_OBJC_ISA_USAGE = YES_ERROR;
				CLANG_WARN_DOCUMENTATION_COMMENTS = YES;
				CLANG_WARN_EMPTY_BODY = YES;
				CLANG_WARN_ENUM_CONVERSION = YES;
				CLANG_WARN_INFINITE_RECURSION = YES;
				CLANG_WARN_INT_CONVERSION = YES;
				CLANG_WARN_NON_LITERAL_NULL_CONVERSION = YES;
				CLANG_WARN_OBJC_IMPLICIT_RETAIN_SELF = YES;
				CLANG_WARN_OBJC_LITERAL_CONVERSION = YES;
				CLANG_WARN_OBJC_ROOT_CLASS = YES_ERROR;
				CLANG_WARN_RANGE_LOOP_ANALYSIS = YES;
				CLANG_WARN_STRICT_PROTOTYPES = YES;
				CLANG_WARN_SUSPICIOUS_MOVE = YES;
				CLANG_WARN_UNGUARDED_AVAILABILITY = YES_AGGRESSIVE;
				CLANG_WARN_UNREACHABLE_CODE = YES;
				CLANG_WARN__DUPLICATE_METHOD_MATCH = YES;
				CODE_SIGN_IDENTITY = "iPhone Developer";
				COPY_PHASE_STRIP = NO;
				DEBUG_INFORMATION_FORMAT = "dwarf-with-dsym";
				ENABLE_NS_ASSERTIONS = NO;
				ENABLE_STRICT_OBJC_MSGSEND = YES;
				GCC_C_LANGUAGE_STANDARD = gnu11;
				GCC_NO_COMMON_BLOCKS = YES;
				GCC_WARN_64_TO_32_BIT_CONVERSION = YES;
				GCC_WARN_ABOUT_RETURN_TYPE = YES_ERROR;
				GCC_WARN_UNDECLARED_SELECTOR = YES;
				GCC_WARN_UNINITIALIZED_AUTOS = YES_AGGRESSIVE;
				GCC_WARN_UNUSED_FUNCTION = YES;
				GCC_WARN_UNUSED_VARIABLE = YES;
				IPHONEOS_DEPLOYMENT_TARGET = 11.3;
				MTL_ENABLE_DEBUG_INFO = NO;
				SDKROOT = iphoneos;
				SWIFT_COMPILATION_MODE = wholemodule;
				SWIFT_OPTIMIZATION_LEVEL = "-O";
				VALIDATE_PRODUCT = YES;
			};
			name = Release;
		};
		20EBDE4D20751DBD00BF8B3C /* Debug */ = {
			isa = XCBuildConfiguration;
			buildSettings = {
				ASSETCATALOG_COMPILER_APPICON_NAME = AppIcon;
				CODE_SIGN_STYLE = Automatic;
				DEVELOPMENT_TEAM = HM7W758N94;
				INFOPLIST_FILE = "Repertoire d'entreprise/Info.plist";
				LD_RUNPATH_SEARCH_PATHS = (
					"$(inherited)",
					"@executable_path/Frameworks",
				);
				PRODUCT_BUNDLE_IDENTIFIER = com.dealoc.Morpion;
				PRODUCT_NAME = "$(TARGET_NAME)";
				SWIFT_VERSION = 4.0;
				TARGETED_DEVICE_FAMILY = "1,2";
			};
			name = Debug;
		};
		20EBDE4E20751DBD00BF8B3C /* Release */ = {
			isa = XCBuildConfiguration;
			buildSettings = {
				ASSETCATALOG_COMPILER_APPICON_NAME = AppIcon;
				CODE_SIGN_STYLE = Automatic;
				DEVELOPMENT_TEAM = HM7W758N94;
				INFOPLIST_FILE = "Repertoire d'entreprise/Info.plist";
				LD_RUNPATH_SEARCH_PATHS = (
					"$(inherited)",
					"@executable_path/Frameworks",
				);
				PRODUCT_BUNDLE_IDENTIFIER = com.dealoc.Morpion;
				PRODUCT_NAME = "$(TARGET_NAME)";
				SWIFT_VERSION = 4.0;
				TARGETED_DEVICE_FAMILY = "1,2";
			};
			name = Release;
		};
/* End XCBuildConfiguration section */

/* Begin XCConfigurationList section */
		20EBDE3220751DBC00BF8B3C /* Build configuration list for PBXProject "Repertoire d'entreprise" */ = {
			isa = XCConfigurationList;
			buildConfigurations = (
				20EBDE4A20751DBD00BF8B3C /* Debug */,
				20EBDE4B20751DBD00BF8B3C /* Release */,
			);
			defaultConfigurationIsVisible = 0;
			defaultConfigurationName = Release;
		};
		20EBDE4C20751DBD00BF8B3C /* Build configuration list for PBXNativeTarget "Repertoire d'entreprise" */ = {
			isa = XCConfigurationList;
			buildConfigurations = (
				20EBDE4D20751DBD00BF8B3C /* Debug */,
				20EBDE4E20751DBD00BF8B3C /* Release */,
			);
			defaultConfigurationIsVisible = 0;
			defaultConfigurationName = Release;
		};
/* End XCConfigurationList section */

/* Begin XCVersionGroup section */
		20EBDE4120751DBC00BF8B3C /* Repertoire_d_entreprise.xcdatamodeld */ = {
			isa = XCVersionGroup;
			children = (
				20EBDE4220751DBC00BF8B3C /* Repertoire_d_entreprise.xcdatamodel */,
			);
			currentVersion = 20EBDE4220751DBC00BF8B3C /* Repertoire_d_entreprise.xcdatamodel */;
			path = Repertoire_d_entreprise.xcdatamodeld;
			sourceTree = "<group>";
			versionGroupType = wrapper.xcdatamodel;
		};
/* End XCVersionGroup section */
	};
	rootObject = 20EBDE2F20751DBC00BF8B3C /* Project object */;
}
